
Microsoft Visual Studio Solution File, Format Version 12.00
# Visual Studio 15
VisualStudioVersion = 15.0.26730.12
MinimumVisualStudioVersion = 10.0.40219.1
Project("{FAE04EC0-301F-11D3-BF4B-00C04F79EFBC}") = "DontEatAlone", "DontEatAlone\DontEatAlone.csproj", "{860819D5-E0BC-43F9-846A-BB5A91DA38DA}"
EndProject
Global
	GlobalSection(SolutionConfigurationPlatforms) = preSolution
		Debug|Any CPU = Debug|Any CPU
		Release|Any CPU = Release|Any CPU
	EndGlobalSection
	GlobalSection(ProjectConfigurationPlatforms) = postSolution
		{860819D5-E0BC-43F9-846A-BB5A91DA38DA}.Debug|Any CPU.ActiveCfg = Debug|Any CPU
		{860819D5-E0BC-43F9-846A-BB5A91DA38DA}.Debug|Any CPU.Build.0 = Debug|Any CPU
		{860819D5-E0BC-43F9-846A-BB5A91DA38DA}.Release|Any CPU.ActiveCfg = Release|Any CPU
		{860819D5-E0BC-43F9-846A-BB5A91DA38DA}.Release|Any CPU.Build.0 = Release|Any CPU
	EndGlobalSection
	GlobalSection(SolutionProperties) = preSolution
		HideSolutionNode = FALSE
	EndGlobalSection
	GlobalSection(ExtensibilityGlobals) = postSolution
		SolutionGuid = {C6E589A7-A577-4D36-A936-127E64FFF83A}
	EndGlobalSection
EndGlobal
